// !$*UTF8*$!
{
	archiveVersion = 1;
	classes = {
	};
	objectVersion = 50;
	objects = {

/* Begin PBXBuildFile section */
		9A4D2C1023A0CFE8004F3918 /* AppDelegate.swift in Sources */ = {isa = PBXBuildFile; fileRef = 9A4D2C0F23A0CFE8004F3918 /* AppDelegate.swift */; };
		9A4D2C1223A0CFE8004F3918 /* SceneDelegate.swift in Sources */ = {isa = PBXBuildFile; fileRef = 9A4D2C1123A0CFE8004F3918 /* SceneDelegate.swift */; };
		9A4D2C1423A0CFE8004F3918 /* ViewController.swift in Sources */ = {isa = PBXBuildFile; fileRef = 9A4D2C1323A0CFE8004F3918 /* ViewController.swift */; };
		9A4D2C1723A0CFE8004F3918 /* Main.storyboard in Resources */ = {isa = PBXBuildFile; fileRef = 9A4D2C1523A0CFE8004F3918 /* Main.storyboard */; };
		9A4D2C1923A0CFE9004F3918 /* Assets.xcassets in Resources */ = {isa = PBXBuildFile; fileRef = 9A4D2C1823A0CFE9004F3918 /* Assets.xcassets */; };
		9A4D2C1C23A0CFE9004F3918 /* LaunchScreen.storyboard in Resources */ = {isa = PBXBuildFile; fileRef = 9A4D2C1A23A0CFE9004F3918 /* LaunchScreen.storyboard */; };
		9A4D2C2723A0CFE9004F3918 /* ContextmenuAppTests.swift in Sources */ = {isa = PBXBuildFile; fileRef = 9A4D2C2623A0CFE9004F3918 /* ContextmenuAppTests.swift */; };
		9A4D2C3223A0CFE9004F3918 /* ContextmenuAppUITests.swift in Sources */ = {isa = PBXBuildFile; fileRef = 9A4D2C3123A0CFE9004F3918 /* ContextmenuAppUITests.swift */; };
		9A4D2C4023A0D189004F3918 /* Data.swift in Sources */ = {isa = PBXBuildFile; fileRef = 9A4D2C3F23A0D189004F3918 /* Data.swift */; };
		9A4D2C4223A0D457004F3918 /* CollectionViewController.swift in Sources */ = {isa = PBXBuildFile; fileRef = 9A4D2C4123A0D457004F3918 /* CollectionViewController.swift */; };
/* End PBXBuildFile section */

/* Begin PBXContainerItemProxy section */
		9A4D2C2323A0CFE9004F3918 /* PBXContainerItemProxy */ = {
			isa = PBXContainerItemProxy;
			containerPortal = 9A4D2C0423A0CFE8004F3918 /* Project object */;
			proxyType = 1;
			remoteGlobalIDString = 9A4D2C0B23A0CFE8004F3918;
			remoteInfo = ContextmenuApp;
		};
		9A4D2C2E23A0CFE9004F3918 /* PBXContainerItemProxy */ = {
			isa = PBXContainerItemProxy;
			containerPortal = 9A4D2C0423A0CFE8004F3918 /* Project object */;
			proxyType = 1;
			remoteGlobalIDString = 9A4D2C0B23A0CFE8004F3918;
			remoteInfo = ContextmenuApp;
		};
/* End PBXContainerItemProxy section */

/* Begin PBXFileReference section */
		9A4D2C0C23A0CFE8004F3918 /* ContextmenuApp.app */ = {isa = PBXFileReference; explicitFileType = wrapper.application; includeInIndex = 0; path = ContextmenuApp.app; sourceTree = BUILT_PRODUCTS_DIR; };
		9A4D2C0F23A0CFE8004F3918 /* AppDelegate.swift */ = {isa = PBXFileReference; lastKnownFileType = sourcecode.swift; path = AppDelegate.swift; sourceTree = "<group>"; };
		9A4D2C1123A0CFE8004F3918 /* SceneDelegate.swift */ = {isa = PBXFileReference; lastKnownFileType = sourcecode.swift; path = SceneDelegate.swift; sourceTree = "<group>"; };
		9A4D2C1323A0CFE8004F3918 /* ViewController.swift */ = {isa = PBXFileReference; lastKnownFileType = sourcecode.swift; path = ViewController.swift; sourceTree = "<group>"; };
		9A4D2C1623A0CFE8004F3918 /* Base */ = {isa = PBXFileReference; lastKnownFileType = file.storyboard; name = Base; path = Base.lproj/Main.storyboard; sourceTree = "<group>"; };
		9A4D2C1823A0CFE9004F3918 /* Assets.xcassets */ = {isa = PBXFileReference; lastKnownFileType = folder.assetcatalog; path = Assets.xcassets; sourceTree = "<group>"; };
		9A4D2C1B23A0CFE9004F3918 /* Base */ = {isa = PBXFileReference; lastKnownFileType = file.storyboard; name = Base; path = Base.lproj/LaunchScreen.storyboard; sourceTree = "<group>"; };
		9A4D2C1D23A0CFE9004F3918 /* Info.plist */ = {isa = PBXFileReference; lastKnownFileType = text.plist.xml; path = Info.plist; sourceTree = "<group>"; };
		9A4D2C2223A0CFE9004F3918 /* ContextmenuAppTests.xctest */ = {isa = PBXFileReference; explicitFileType = wrapper.cfbundle; includeInIndex = 0; path = ContextmenuAppTests.xctest; sourceTree = BUILT_PRODUCTS_DIR; };
		9A4D2C2623A0CFE9004F3918 /* ContextmenuAppTests.swift */ = {isa = PBXFileReference; lastKnownFileType = sourcecode.swift; path = ContextmenuAppTests.swift; sourceTree = "<group>"; };
		9A4D2C2823A0CFE9004F3918 /* Info.plist */ = {isa = PBXFileReference; lastKnownFileType = text.plist.xml; path = Info.plist; sourceTree = "<group>"; };
		9A4D2C2D23A0CFE9004F3918 /* ContextmenuAppUITests.xctest */ = {isa = PBXFileReference; explicitFileType = wrapper.cfbundle; includeInIndex = 0; path = ContextmenuAppUITests.xctest; sourceTree = BUILT_PRODUCTS_DIR; };
		9A4D2C3123A0CFE9004F3918 /* ContextmenuAppUITests.swift */ = {isa = PBXFileReference; lastKnownFileType = sourcecode.swift; path = ContextmenuAppUITests.swift; sourceTree = "<group>"; };
		9A4D2C3323A0CFE9004F3918 /* Info.plist */ = {isa = PBXFileReference; lastKnownFileType = text.plist.xml; path = Info.plist; sourceTree = "<group>"; };
		9A4D2C3F23A0D189004F3918 /* Data.swift */ = {isa = PBXFileReference; lastKnownFileType = sourcecode.swift; path = Data.swift; sourceTree = "<group>"; };
		9A4D2C4123A0D457004F3918 /* CollectionViewController.swift */ = {isa = PBXFileReference; lastKnownFileType = sourcecode.swift; path = CollectionViewController.swift; sourceTree = "<group>"; };
/* End PBXFileReference section */

/* Begin PBXFrameworksBuildPhase section */
		9A4D2C0923A0CFE8004F3918 /* Frameworks */ = {
			isa = PBXFrameworksBuildPhase;
			buildActionMask = 2147483647;
			files = (
			);
			runOnlyForDeploymentPostprocessing = 0;
		};
		9A4D2C1F23A0CFE9004F3918 /* Frameworks */ = {
			isa = PBXFrameworksBuildPhase;
			buildActionMask = 2147483647;
			files = (
			);
			runOnlyForDeploymentPostprocessing = 0;
		};
		9A4D2C2A23A0CFE9004F3918 /* Frameworks */ = {
			isa = PBXFrameworksBuildPhase;
			buildActionMask = 2147483647;
			files = (
			);
			runOnlyForDeploymentPostprocessing = 0;
		};
/* End PBXFrameworksBuildPhase section */

/* Begin PBXGroup section */
		9A4D2C0323A0CFE8004F3918 = {
			isa = PBXGroup;
			children = (
				9A4D2C0E23A0CFE8004F3918 /* ContextmenuApp */,
				9A4D2C2523A0CFE9004F3918 /* ContextmenuAppTests */,
				9A4D2C3023A0CFE9004F3918 /* ContextmenuAppUITests */,
				9A4D2C0D23A0CFE8004F3918 /* Products */,
			);
			sourceTree = "<group>";
		};
		9A4D2C0D23A0CFE8004F3918 /* Products */ = {
			isa = PBXGroup;
			children = (
				9A4D2C0C23A0CFE8004F3918 /* ContextmenuApp.app */,
				9A4D2C2223A0CFE9004F3918 /* ContextmenuAppTests.xctest */,
				9A4D2C2D23A0CFE9004F3918 /* ContextmenuAppUITests.xctest */,
			);
			name = Products;
			sourceTree = "<group>";
		};
		9A4D2C0E23A0CFE8004F3918 /* ContextmenuApp */ = {
			isa = PBXGroup;
			children = (
				9A4D2C0F23A0CFE8004F3918 /* AppDelegate.swift */,
				9A4D2C1123A0CFE8004F3918 /* SceneDelegate.swift */,
				9A4D2C1323A0CFE8004F3918 /* ViewController.swift */,
				9A4D2C4123A0D457004F3918 /* CollectionViewController.swift */,
				9A4D2C3F23A0D189004F3918 /* Data.swift */,
				9A4D2C1523A0CFE8004F3918 /* Main.storyboard */,
				9A4D2C1823A0CFE9004F3918 /* Assets.xcassets */,
				9A4D2C1A23A0CFE9004F3918 /* LaunchScreen.storyboard */,
				9A4D2C1D23A0CFE9004F3918 /* Info.plist */,
			);
			path = ContextmenuApp;
			sourceTree = "<group>";
		};
		9A4D2C2523A0CFE9004F3918 /* ContextmenuAppTests */ = {
			isa = PBXGroup;
			children = (
				9A4D2C2623A0CFE9004F3918 /* ContextmenuAppTests.swift */,
				9A4D2C2823A0CFE9004F3918 /* Info.plist */,
			);
			path = ContextmenuAppTests;
			sourceTree = "<group>";
		};
		9A4D2C3023A0CFE9004F3918 /* ContextmenuAppUITests */ = {
			isa = PBXGroup;
			children = (
				9A4D2C3123A0CFE9004F3918 /* ContextmenuAppUITests.swift */,
				9A4D2C3323A0CFE9004F3918 /* Info.plist */,
			);
			path = ContextmenuAppUITests;
			sourceTree = "<group>";
		};
/* End PBXGroup section */

/* Begin PBXNativeTarget section */
		9A4D2C0B23A0CFE8004F3918 /* ContextmenuApp */ = {
			isa = PBXNativeTarget;
			buildConfigurationList = 9A4D2C3623A0CFE9004F3918 /* Build configuration list for PBXNativeTarget "ContextmenuApp" */;
			buildPhases = (
				9A4D2C0823A0CFE8004F3918 /* Sources */,
				9A4D2C0923A0CFE8004F3918 /* Frameworks */,
				9A4D2C0A23A0CFE8004F3918 /* Resources */,
			);
			buildRules = (
			);
			dependencies = (
			);
			name = ContextmenuApp;
			productName = ContextmenuApp;
			productReference = 9A4D2C0C23A0CFE8004F3918 /* ContextmenuApp.app */;
			productType = "com.apple.product-type.application";
		};
		9A4D2C2123A0CFE9004F3918 /* ContextmenuAppTests */ = {
			isa = PBXNativeTarget;
			buildConfigurationList = 9A4D2C3923A0CFE9004F3918 /* Build configuration list for PBXNativeTarget "ContextmenuAppTests" */;
			buildPhases = (
				9A4D2C1E23A0CFE9004F3918 /* Sources */,
				9A4D2C1F23A0CFE9004F3918 /* Frameworks */,
				9A4D2C2023A0CFE9004F3918 /* Resources */,
			);
			buildRules = (
			);
			dependencies = (
				9A4D2C2423A0CFE9004F3918 /* PBXTargetDependency */,
			);
			name = ContextmenuAppTests;
			productName = ContextmenuAppTests;
			productReference = 9A4D2C2223A0CFE9004F3918 /* ContextmenuAppTests.xctest */;
			productType = "com.apple.product-type.bundle.unit-test";
		};
		9A4D2C2C23A0CFE9004F3918 /* ContextmenuAppUITests */ = {
			isa = PBXNativeTarget;
			buildConfigurationList = 9A4D2C3C23A0CFE9004F3918 /* Build configuration list for PBXNativeTarget "ContextmenuAppUITests" */;
			buildPhases = (
				9A4D2C2923A0CFE9004F3918 /* Sources */,
				9A4D2C2A23A0CFE9004F3918 /* Frameworks */,
				9A4D2C2B23A0CFE9004F3918 /* Resources */,
			);
			buildRules = (
			);
			dependencies = (
				9A4D2C2F23A0CFE9004F3918 /* PBXTargetDependency */,
			);
			name = ContextmenuAppUITests;
			productName = ContextmenuAppUITests;
			productReference = 9A4D2C2D23A0CFE9004F3918 /* ContextmenuAppUITests.xctest */;
			productType = "com.apple.product-type.bundle.ui-testing";
		};
/* End PBXNativeTarget section */

/* Begin PBXProject section */
		9A4D2C0423A0CFE8004F3918 /* Project object */ = {
			isa = PBXProject;
			attributes = {
				LastSwiftUpdateCheck = 1100;
				LastUpgradeCheck = 1100;
				ORGANIZATIONNAME = "Sachin Dumal";
				TargetAttributes = {
					9A4D2C0B23A0CFE8004F3918 = {
						CreatedOnToolsVersion = 11.0;
					};
					9A4D2C2123A0CFE9004F3918 = {
						CreatedOnToolsVersion = 11.0;
						TestTargetID = 9A4D2C0B23A0CFE8004F3918;
					};
					9A4D2C2C23A0CFE9004F3918 = {
						CreatedOnToolsVersion = 11.0;
						TestTargetID = 9A4D2C0B23A0CFE8004F3918;
					};
				};
			};
			buildConfigurationList = 9A4D2C0723A0CFE8004F3918 /* Build configuration list for PBXProject "ContextmenuApp" */;
			compatibilityVersion = "Xcode 9.3";
			developmentRegion = en;
			hasScannedForEncodings = 0;
			knownRegions = (
				en,
				Base,
			);
			mainGroup = 9A4D2C0323A0CFE8004F3918;
			productRefGroup = 9A4D2C0D23A0CFE8004F3918 /* Products */;
			projectDirPath = "";
			projectRoot = "";
			targets = (
				9A4D2C0B23A0CFE8004F3918 /* ContextmenuApp */,
				9A4D2C2123A0CFE9004F3918 /* ContextmenuAppTests */,
				9A4D2C2C23A0CFE9004F3918 /* ContextmenuAppUITests */,
			);
		};
/* End PBXProject section */

/* Begin PBXResourcesBuildPhase section */
		9A4D2C0A23A0CFE8004F3918 /* Resources */ = {
			isa = PBXResourcesBuildPhase;
			buildActionMask = 2147483647;
			files = (
				9A4D2C1C23A0CFE9004F3918 /* LaunchScreen.storyboard in Resources */,
				9A4D2C1923A0CFE9004F3918 /* Assets.xcassets in Resources */,
				9A4D2C1723A0CFE8004F3918 /* Main.storyboard in Resources */,
			);
			runOnlyForDeploymentPostprocessing = 0;
		};
		9A4D2C2023A0CFE9004F3918 /* Resources */ = {
			isa = PBXResourcesBuildPhase;
			buildActionMask = 2147483647;
			files = (
			);
			runOnlyForDeploymentPostprocessing = 0;
		};
		9A4D2C2B23A0CFE9004F3918 /* Resources */ = {
			isa = PBXResourcesBuildPhase;
			buildActionMask = 2147483647;
			files = (
			);
			runOnlyForDeploymentPostprocessing = 0;
		};
/* End PBXResourcesBuildPhase section */

/* Begin PBXSourcesBuildPhase section */
		9A4D2C0823A0CFE8004F3918 /* Sources */ = {
			isa = PBXSourcesBuildPhase;
			buildActionMask = 2147483647;
			files = (
				9A4D2C1423A0CFE8004F3918 /* ViewController.swift in Sources */,
				9A4D2C1023A0CFE8004F3918 /* AppDelegate.swift in Sources */,
				9A4D2C1223A0CFE8004F3918 /* SceneDelegate.swift in Sources */,
				9A4D2C4023A0D189004F3918 /* Data.swift in Sources */,
				9A4D2C4223A0D457004F3918 /* CollectionViewController.swift in Sources */,
			);
			runOnlyForDeploymentPostprocessing = 0;
		};
		9A4D2C1E23A0CFE9004F3918 /* Sources */ = {
			isa = PBXSourcesBuildPhase;
			buildActionMask = 2147483647;
			files = (
				9A4D2C2723A0CFE9004F3918 /* ContextmenuAppTests.swift in Sources */,
			);
			runOnlyForDeploymentPostprocessing = 0;
		};
		9A4D2C2923A0CFE9004F3918 /* Sources */ = {
			isa = PBXSourcesBuildPhase;
			buildActionMask = 2147483647;
			files = (
				9A4D2C3223A0CFE9004F3918 /* ContextmenuAppUITests.swift in Sources */,
			);
			runOnlyForDeploymentPostprocessing = 0;
		};
/* End PBXSourcesBuildPhase section */

/* Begin PBXTargetDependency section */
		9A4D2C2423A0CFE9004F3918 /* PBXTargetDependency */ = {
			isa = PBXTargetDependency;
			target = 9A4D2C0B23A0CFE8004F3918 /* ContextmenuApp */;
			targetProxy = 9A4D2C2323A0CFE9004F3918 /* PBXContainerItemProxy */;
		};
		9A4D2C2F23A0CFE9004F3918 /* PBXTargetDependency */ = {
			isa = PBXTargetDependency;
			target = 9A4D2C0B23A0CFE8004F3918 /* ContextmenuApp */;
			targetProxy = 9A4D2C2E23A0CFE9004F3918 /* PBXContainerItemProxy */;
		};
/* End PBXTargetDependency section */

/* Begin PBXVariantGroup section */
		9A4D2C1523A0CFE8004F3918 /* Main.storyboard */ = {
			isa = PBXVariantGroup;
			children = (
				9A4D2C1623A0CFE8004F3918 /* Base */,
			);
			name = Main.storyboard;
			sourceTree = "<group>";
		};
		9A4D2C1A23A0CFE9004F3918 /* LaunchScreen.storyboard */ = {
			isa = PBXVariantGroup;
			children = (
				9A4D2C1B23A0CFE9004F3918 /* Base */,
			);
			name = LaunchScreen.storyboard;
			sourceTree = "<group>";
		};
/* End PBXVariantGroup section */

/* Begin XCBuildConfiguration section */
		9A4D2C3423A0CFE9004F3918 /* Debug */ = {
			isa = XCBuildConfiguration;
			buildSettings = {
				ALWAYS_SEARCH_USER_PATHS = NO;
				CLANG_ANALYZER_NONNULL = YES;
				CLANG_ANALYZER_NUMBER_OBJECT_CONVERSION = YES_AGGRESSIVE;
				CLANG_CXX_LANGUAGE_STANDARD = "gnu++14";
				CLANG_CXX_LIBRARY = "libc++";
				CLANG_ENABLE_MODULES = YES;
				CLANG_ENABLE_OBJC_ARC = YES;
				CLANG_ENABLE_OBJC_WEAK = YES;
				CLANG_WARN_BLOCK_CAPTURE_AUTORELEASING = YES;
				CLANG_WARN_BOOL_CONVERSION = YES;
				CLANG_WARN_COMMA = YES;
				CLANG_WARN_CONSTANT_CONVERSION = YES;
				CLANG_WARN_DEPRECATED_OBJC_IMPLEMENTATIONS = YES;
				CLANG_WARN_DIRECT_OBJC_ISA_USAGE = YES_ERROR;
				CLANG_WARN_DOCUMENTATION_COMMENTS = YES;
				CLANG_WARN_EMPTY_BODY = YES;
				CLANG_WARN_ENUM_CONVERSION = YES;
				CLANG_WARN_INFINITE_RECURSION = YES;
				CLANG_WARN_INT_CONVERSION = YES;
				CLANG_WARN_NON_LITERAL_NULL_CONVERSION = YES;
				CLANG_WARN_OBJC_IMPLICIT_RETAIN_SELF = YES;
				CLANG_WARN_OBJC_LITERAL_CONVERSION = YES;
				CLANG_WARN_OBJC_ROOT_CLASS = YES_ERROR;
				CLANG_WARN_RANGE_LOOP_ANALYSIS = YES;
				CLANG_WARN_STRICT_PROTOTYPES = YES;
				CLANG_WARN_SUSPICIOUS_MOVE = YES;
				CLANG_WARN_UNGUARDED_AVAILABILITY = YES_AGGRESSIVE;
				CLANG_WARN_UNREACHABLE_CODE = YES;
				CLANG_WARN__DUPLICATE_METHOD_MATCH = YES;
				COPY_PHASE_STRIP = NO;
				DEBUG_INFORMATION_FORMAT = dwarf;
				ENABLE_STRICT_OBJC_MSGSEND = YES;
				ENABLE_TESTABILITY = YES;
				GCC_C_LANGUAGE_STANDARD = gnu11;
				GCC_DYNAMIC_NO_PIC = NO;
				GCC_NO_COMMON_BLOCKS = YES;
				GCC_OPTIMIZATION_LEVEL = 0;
				GCC_PREPROCESSOR_DEFINITIONS = (
					"DEBUG=1",
					"$(inherited)",
				);
				GCC_WARN_64_TO_32_BIT_CONVERSION = YES;
				GCC_WARN_ABOUT_RETURN_TYPE = YES_ERROR;
				GCC_WARN_UNDECLARED_SELECTOR = YES;
				GCC_WARN_UNINITIALIZED_AUTOS = YES_AGGRESSIVE;
				GCC_WARN_UNUSED_FUNCTION = YES;
				GCC_WARN_UNUSED_VARIABLE = YES;
				IPHONEOS_DEPLOYMENT_TARGET = 13.0;
				MTL_ENABLE_DEBUG_INFO = INCLUDE_SOURCE;
				MTL_FAST_MATH = YES;
				ONLY_ACTIVE_ARCH = YES;
				SDKROOT = iphoneos;
				SWIFT_ACTIVE_COMPILATION_CONDITIONS = DEBUG;
				SWIFT_OPTIMIZATION_LEVEL = "-Onone";
			};
			name = Debug;
		};
		9A4D2C3523A0CFE9004F3918 /* Release */ = {
			isa = XCBuildConfiguration;
			buildSettings = {
				ALWAYS_SEARCH_USER_PATHS = NO;
				CLANG_ANALYZER_NONNULL = YES;
				CLANG_ANALYZER_NUMBER_OBJECT_CONVERSION = YES_AGGRESSIVE;
				CLANG_CXX_LANGUAGE_STANDARD = "gnu++14";
				CLANG_CXX_LIBRARY = "libc++";
				CLANG_ENABLE_MODULES = YES;
				CLANG_ENABLE_OBJC_ARC = YES;
				CLANG_ENABLE_OBJC_WEAK = YES;
				CLANG_WARN_BLOCK_CAPTURE_AUTORELEASING = YES;
				CLANG_WARN_BOOL_CONVERSION = YES;
				CLANG_WARN_COMMA = YES;
				CLANG_WARN_CONSTANT_CONVERSION = YES;
				CLANG_WARN_DEPRECATED_OBJC_IMPLEMENTATIONS = YES;
				CLANG_WARN_DIRECT_OBJC_ISA_USAGE = YES_ERROR;
				CLANG_WARN_DOCUMENTATION_COMMENTS = YES;
				CLANG_WARN_EMPTY_BODY = YES;
				CLANG_WARN_ENUM_CONVERSION = YES;
				CLANG_WARN_INFINITE_RECURSION = YES;
				CLANG_WARN_INT_CONVERSION = YES;
				CLANG_WARN_NON_LITERAL_NULL_CONVERSION = YES;
				CLANG_WARN_OBJC_IMPLICIT_RETAIN_SELF = YES;
				CLANG_WARN_OBJC_LITERAL_CONVERSION = YES;
				CLANG_WARN_OBJC_ROOT_CLASS = YES_ERROR;
				CLANG_WARN_RANGE_LOOP_ANALYSIS = YES;
				CLANG_WARN_STRICT_PROTOTYPES = YES;
				CLANG_WARN_SUSPICIOUS_MOVE = YES;
				CLANG_WARN_UNGUARDED_AVAILABILITY = YES_AGGRESSIVE;
				CLANG_WARN_UNREACHABLE_CODE = YES;
				CLANG_WARN__DUPLICATE_METHOD_MATCH = YES;
				COPY_PHASE_STRIP = NO;
				DEBUG_INFORMATION_FORMAT = "dwarf-with-dsym";
				ENABLE_NS_ASSERTIONS = NO;
				ENABLE_STRICT_OBJC_MSGSEND = YES;
				GCC_C_LANGUAGE_STANDARD = gnu11;
				GCC_NO_COMMON_BLOCKS = YES;
				GCC_WARN_64_TO_32_BIT_CONVERSION = YES;
				GCC_WARN_ABOUT_RETURN_TYPE = YES_ERROR;
				GCC_WARN_UNDECLARED_SELECTOR = YES;
				GCC_WARN_UNINITIALIZED_AUTOS = YES_AGGRESSIVE;
				GCC_WARN_UNUSED_FUNCTION = YES;
				GCC_WARN_UNUSED_VARIABLE = YES;
				IPHONEOS_DEPLOYMENT_TARGET = 13.0;
				MTL_ENABLE_DEBUG_INFO = NO;
				MTL_FAST_MATH = YES;
				SDKROOT = iphoneos;
				SWIFT_COMPILATION_MODE = wholemodule;
				SWIFT_OPTIMIZATION_LEVEL = "-O";
				VALIDATE_PRODUCT = YES;
			};
			name = Release;
		};
		9A4D2C3723A0CFE9004F3918 /* Debug */ = {
			isa = XCBuildConfiguration;
			buildSettings = {
				ASSETCATALOG_COMPILER_APPICON_NAME = AppIcon;
				CODE_SIGN_STYLE = Automatic;
				DEVELOPMENT_TEAM = W8ZB6PL47P;
				INFOPLIST_FILE = ContextmenuApp/Info.plist;
				LD_RUNPATH_SEARCH_PATHS = (
					"$(inherited)",
					"@executable_path/Frameworks",
				);
				PRODUCT_BUNDLE_IDENTIFIER = in.co.indigo.ContextmenuApp;
				PRODUCT_NAME = "$(TARGET_NAME)";
				SWIFT_VERSION = 5.0;
				TARGETED_DEVICE_FAMILY = "1,2";
			};
			name = Debug;
		};
		9A4D2C3823A0CFE9004F3918 /* Release */ = {
			isa = XCBuildConfiguration;
			buildSettings = {
				ASSETCATALOG_COMPILER_APPICON_NAME = AppIcon;
				CODE_SIGN_STYLE = Automatic;
				DEVELOPMENT_TEAM = W8ZB6PL47P;
				INFOPLIST_FILE = ContextmenuApp/Info.plist;
				LD_RUNPATH_SEARCH_PATHS = (
					"$(inherited)",
					"@executable_path/Frameworks",
				);
				PRODUCT_BUNDLE_IDENTIFIER = in.co.indigo.ContextmenuApp;
				PRODUCT_NAME = "$(TARGET_NAME)";
				SWIFT_VERSION = 5.0;
				TARGETED_DEVICE_FAMILY = "1,2";
			};
			name = Release;
		};
		9A4D2C3A23A0CFE9004F3918 /* Debug */ = {
			isa = XCBuildConfiguration;
			buildSettings = {
				ALWAYS_EMBED_SWIFT_STANDARD_LIBRARIES = YES;
				BUNDLE_LOADER = "$(TEST_HOST)";
				CODE_SIGN_STYLE = Automatic;
				DEVELOPMENT_TEAM = W8ZB6PL47P;
				INFOPLIST_FILE = ContextmenuAppTests/Info.plist;
				IPHONEOS_DEPLOYMENT_TARGET = 13.0;
				LD_RUNPATH_SEARCH_PATHS = (
					"$(inherited)",
					"@executable_path/Frameworks",
					"@loader_path/Frameworks",
				);
				PRODUCT_BUNDLE_IDENTIFIER = in.co.indigo.ContextmenuAppTests;
				PRODUCT_NAME = "$(TARGET_NAME)";
				SWIFT_VERSION = 5.0;
				TARGETED_DEVICE_FAMILY = "1,2";
				TEST_HOST = "$(BUILT_PRODUCTS_DIR)/ContextmenuApp.app/ContextmenuApp";
			};
			name = Debug;
		};
		9A4D2C3B23A0CFE9004F3918 /* Release */ = {
			isa = XCBuildConfiguration;
			buildSettings = {
				ALWAYS_EMBED_SWIFT_STANDARD_LIBRARIES = YES;
				BUNDLE_LOADER = "$(TEST_HOST)";
				CODE_SIGN_STYLE = Automatic;
				DEVELOPMENT_TEAM = W8ZB6PL47P;
				INFOPLIST_FILE = ContextmenuAppTests/Info.plist;
				IPHONEOS_DEPLOYMENT_TARGET = 13.0;
				LD_RUNPATH_SEARCH_PATHS = (
					"$(inherited)",
					"@executable_path/Frameworks",
					"@loader_path/Frameworks",
				);
				PRODUCT_BUNDLE_IDENTIFIER = in.co.indigo.ContextmenuAppTests;
				PRODUCT_NAME = "$(TARGET_NAME)";
				SWIFT_VERSION = 5.0;
				TARGETED_DEVICE_FAMILY = "1,2";
				TEST_HOST = "$(BUILT_PRODUCTS_DIR)/ContextmenuApp.app/ContextmenuApp";
			};
			name = Release;
		};
		9A4D2C3D23A0CFE9004F3918 /* Debug */ = {
			isa = XCBuildConfiguration;
			buildSettings = {
				ALWAYS_EMBED_SWIFT_STANDARD_LIBRARIES = YES;
				CODE_SIGN_STYLE = Automatic;
				DEVELOPMENT_TEAM = W8ZB6PL47P;
				INFOPLIST_FILE = ContextmenuAppUITests/Info.plist;
				LD_RUNPATH_SEARCH_PATHS = (
					"$(inherited)",
					"@executable_path/Frameworks",
					"@loader_path/Frameworks",
				);
				PRODUCT_BUNDLE_IDENTIFIER = in.co.indigo.ContextmenuAppUITests;
				PRODUCT_NAME = "$(TARGET_NAME)";
				SWIFT_VERSION = 5.0;
				TARGETED_DEVICE_FAMILY = "1,2";
				TEST_TARGET_NAME = ContextmenuApp;
			};
			name = Debug;
		};
		9A4D2C3E23A0CFE9004F3918 /* Release */ = {
			isa = XCBuildConfiguration;
			buildSettings = {
				ALWAYS_EMBED_SWIFT_STANDARD_LIBRARIES = YES;
				CODE_SIGN_STYLE = Automatic;
				DEVELOPMENT_TEAM = W8ZB6PL47P;
				INFOPLIST_FILE = ContextmenuAppUITests/Info.plist;
				LD_RUNPATH_SEARCH_PATHS = (
					"$(inherited)",
					"@executable_path/Frameworks",
					"@loader_path/Frameworks",
				);
				PRODUCT_BUNDLE_IDENTIFIER = in.co.indigo.ContextmenuAppUITests;
				PRODUCT_NAME = "$(TARGET_NAME)";
				SWIFT_VERSION = 5.0;
				TARGETED_DEVICE_FAMILY = "1,2";
				TEST_TARGET_NAME = ContextmenuApp;
			};
			name = Release;
		};
/* End XCBuildConfiguration section */

/* Begin XCConfigurationList section */
		9A4D2C0723A0CFE8004F3918 /* Build configuration list for PBXProject "ContextmenuApp" */ = {
			isa = XCConfigurationList;
			buildConfigurations = (
				9A4D2C3423A0CFE9004F3918 /* Debug */,
				9A4D2C3523A0CFE9004F3918 /* Release */,
			);
			defaultConfigurationIsVisible = 0;
			defaultConfigurationName = Release;
		};
		9A4D2C3623A0CFE9004F3918 /* Build configuration list for PBXNativeTarget "ContextmenuApp" */ = {
			isa = XCConfigurationList;
			buildConfigurations = (
				9A4D2C3723A0CFE9004F3918 /* Debug */,
				9A4D2C3823A0CFE9004F3918 /* Release */,
			);
			defaultConfigurationIsVisible = 0;
			defaultConfigurationName = Release;
		};
		9A4D2C3923A0CFE9004F3918 /* Build configuration list for PBXNativeTarget "ContextmenuAppTests" */ = {
			isa = XCConfigurationList;
			buildConfigurations = (
				9A4D2C3A23A0CFE9004F3918 /* Debug */,
				9A4D2C3B23A0CFE9004F3918 /* Release */,
			);
			defaultConfigurationIsVisible = 0;
			defaultConfigurationName = Release;
		};
		9A4D2C3C23A0CFE9004F3918 /* Build configuration list for PBXNativeTarget "ContextmenuAppUITests" */ = {
			isa = XCConfigurationList;
			buildConfigurations = (
				9A4D2C3D23A0CFE9004F3918 /* Debug */,
				9A4D2C3E23A0CFE9004F3918 /* Release */,
			);
			defaultConfigurationIsVisible = 0;
			defaultConfigurationName = Release;
		};
/* End XCConfigurationList section */
	};
	rootObject = 9A4D2C0423A0CFE8004F3918 /* Project object */;
}
